<?xml version="1.0" encoding="utf-8"?>
<Project ToolsVersion="4.0" xmlns="http://schemas.microsoft.com/developer/msbuild/2003">
  <ItemGroup>
    <Filter Include="Engine">
      <UniqueIdentifier>{DBC7D3B0-C769-FE86-B024-12DB9C6585D7}</UniqueIdentifier>
    </Filter>
    <Filter Include="Game">
      <UniqueIdentifier>{7FA9857C-6BE0-860D-14CD-6C1000E3020F}</UniqueIdentifier>
    </Filter>
    <Filter Include="Game\AI">
      <UniqueIdentifier>{B87D5747-245D-D6E2-2D75-61B999D33C44}</UniqueIdentifier>
    </Filter>
    <Filter Include="Game\Components">
      <UniqueIdentifier>{3441F2CD-A0CC-5F92-A9DD-E28615E8BB92}</UniqueIdentifier>
    </Filter>
    <Filter Include="Game\Data">
      <UniqueIdentifier>{48E62F7B-B450-E4F1-FD8E-95976938C246}</UniqueIdentifier>
    </Filter>
    <Filter Include="Game\Map">
      <UniqueIdentifier>{4C6B4732-3838-A23D-6151-90E54D7DD7CB}</UniqueIdentifier>
    </Filter>
    <Filter Include="Game\Systems">
      <UniqueIdentifier>{860EB599-7271-443E-1BF7-7CF4073910C1}</UniqueIdentifier>
    </Filter>
    <Filter Include="Game\Systems\AI">
      <UniqueIdentifier>{5F998C41-CB24-FA05-D435-7DFA40405606}</UniqueIdentifier>
    </Filter>
    <Filter Include="Game\Systems\Characters">
      <UniqueIdentifier>{95485080-0180-9817-0A8A-FC3A7640BF10}</UniqueIdentifier>
    </Filter>
    <Filter Include="Game\UI">
      <UniqueIdentifier>{4C805747-B85F-D6E2-C177-61B92DD63C44}</UniqueIdentifier>
    </Filter>
  </ItemGroup>
  <ItemGroup>
    <ClInclude Include="Source\Engine\AssetHandler.h">
      <Filter>Engine</Filter>
    </ClInclude>
    <ClInclude Include="Source\Engine\FileWatcher.h">
      <Filter>Engine</Filter>
    </ClInclude>
    <ClInclude Include="Source\Engine\InputHandler.h">
      <Filter>Engine</Filter>
    </ClInclude>
    <ClInclude Include="Source\Engine\Log.h">
      <Filter>Engine</Filter>
    </ClInclude>
    <ClInclude Include="Source\Engine\Time.h">
      <Filter>Engine</Filter>
    </ClInclude>
    <ClInclude Include="Source\Engine\Vector2D.h">
      <Filter>Engine</Filter>
    </ClInclude>
    <ClInclude Include="Source\Engine\Window.h">
      <Filter>Engine</Filter>
    </ClInclude>
    <ClInclude Include="Source\Game\AI\AIManager.h">
      <Filter>Game\AI</Filter>
    </ClInclude>
    <ClInclude Include="Source\Game\AI\WarOrders.h">
      <Filter>Game\AI</Filter>
    </ClInclude>
    <ClInclude Include="Source\Game\Callback.h">
      <Filter>Game</Filter>
    </ClInclude>
    <ClInclude Include="Source\Game\Components\Warmind.h">
      <Filter>Game\Components</Filter>
    </ClInclude>
    <ClInclude Include="Source\Game\Data\AIData.h">
      <Filter>Game\Data</Filter>
    </ClInclude>
    <ClInclude Include="Source\Game\Data\Character.h">
      <Filter>Game\Data</Filter>
    </ClInclude>
    <ClInclude Include="Source\Game\Data\HeraldicShield.h">
      <Filter>Game\Data</Filter>
    </ClInclude>
    <ClInclude Include="Source\Game\Data\Titles.h">
      <Filter>Game\Data</Filter>
    </ClInclude>
    <ClInclude Include="Source\Game\Data\Trait.h">
      <Filter>Game\Data</Filter>
    </ClInclude>
    <ClInclude Include="Source\Game\Data\Types.h">
      <Filter>Game\Data</Filter>
    </ClInclude>
    <ClInclude Include="Source\Game\Data\UIElement.h">
      <Filter>Game\Data</Filter>
    </ClInclude>
    <ClInclude Include="Source\Game\Data\UIType.h">
      <Filter>Game\Data</Filter>
    </ClInclude>
    <ClInclude Include="Source\Game\Data\Unit.h">
      <Filter>Game\Data</Filter>
    </ClInclude>
    <ClInclude Include="Source\Game\Game.h">
      <Filter>Game</Filter>
    </ClInclude>
    <ClInclude Include="Source\Game\GameData.h">
      <Filter>Game</Filter>
    </ClInclude>
    <ClInclude Include="Source\Game\GameDate.h">
      <Filter>Game</Filter>
    </ClInclude>
    <ClInclude Include="Source\Game\HotReloader.h">
      <Filter>Game</Filter>
    </ClInclude>
    <ClInclude Include="Source\Game\Map\Map.h">
      <Filter>Game\Map</Filter>
    </ClInclude>
    <ClInclude Include="Source\Game\Map\MapData.h">
      <Filter>Game\Map</Filter>
    </ClInclude>
    <ClInclude Include="Source\Game\Map\MapRegion.h">
      <Filter>Game\Map</Filter>
    </ClInclude>
    <ClInclude Include="Source\Game\Map\RegionBuilding.h">
      <Filter>Game\Map</Filter>
    </ClInclude>
    <ClInclude Include="Source\Game\Pathfinding.h">
      <Filter>Game</Filter>
    </ClInclude>
    <ClInclude Include="Source\Game\Player.h">
      <Filter>Game</Filter>
    </ClInclude>
    <ClInclude Include="Source\Game\StaticSprite.h">
      <Filter>Game</Filter>
    </ClInclude>
    <ClInclude Include="Source\Game\StaticSpriteManager.h">
      <Filter>Game</Filter>
    </ClInclude>
    <ClInclude Include="Source\Game\Systems\AI\AI.h">
      <Filter>Game\Systems\AI</Filter>
    </ClInclude>
    <ClInclude Include="Source\Game\Systems\AI\AIConsideration.h">
      <Filter>Game\Systems\AI</Filter>
    </ClInclude>
    <ClInclude Include="Source\Game\Systems\AI\WarmindConsiderations.h">
      <Filter>Game\Systems\AI</Filter>
    </ClInclude>
    <ClInclude Include="Source\Game\Systems\CharacterManager.h">
      <Filter>Game\Systems</Filter>
    </ClInclude>
    <ClInclude Include="Source\Game\Systems\Characters\CharacterNamePool.h">
      <Filter>Game\Systems\Characters</Filter>
    </ClInclude>
    <ClInclude Include="Source\Game\Systems\Characters\CharacterPool.h">
      <Filter>Game\Systems\Characters</Filter>
    </ClInclude>
    <ClInclude Include="Source\Game\Systems\HeraldicShieldManager.h">
      <Filter>Game\Systems</Filter>
    </ClInclude>
    <ClInclude Include="Source\Game\Systems\UnitManager.h">
      <Filter>Game\Systems</Filter>
    </ClInclude>
    <ClInclude Include="Source\Game\UI\CharacterWindow.h">
      <Filter>Game\UI</Filter>
    </ClInclude>
    <ClInclude Include="Source\Game\UI\DateBar.h">
      <Filter>Game\UI</Filter>
    </ClInclude>
    <ClInclude Include="Source\Game\UI\EventWindow.h">
      <Filter>Game\UI</Filter>
    </ClInclude>
    <ClInclude Include="Source\Game\UI\RegionWindow.h">
      <Filter>Game\UI</Filter>
    </ClInclude>
    <ClInclude Include="Source\Game\UI\StatBar.h">
      <Filter>Game\UI</Filter>
    </ClInclude>
    <ClInclude Include="Source\Game\UI\UIManager.h">
      <Filter>Game\UI</Filter>
    </ClInclude>
    <ClInclude Include="Source\Game\UI\UIText.h">
      <Filter>Game\UI</Filter>
    </ClInclude>
    <ClInclude Include="Source\Game\UI\WarIcon.h">
      <Filter>Game\UI</Filter>
    </ClInclude>
    <ClInclude Include="Source\Game\UI\WarWindow.h">
      <Filter>Game\UI</Filter>
    </ClInclude>
    <ClInclude Include="Source\Game\War.h">
      <Filter>Game</Filter>
    </ClInclude>
    <ClInclude Include="Source\Game\WarManager.h">
      <Filter>Game</Filter>
    </ClInclude>
  </ItemGroup>
  <ItemGroup>
    <ClCompile Include="Source\Engine\AssetHandler.cpp">
      <Filter>Engine</Filter>
    </ClCompile>
    <ClCompile Include="Source\Engine\FileWatcher.cpp">
      <Filter>Engine</Filter>
    </ClCompile>
    <ClCompile Include="Source\Engine\InputHandler.cpp">
      <Filter>Engine</Filter>
    </ClCompile>
    <ClCompile Include="Source\Engine\Log.cpp">
      <Filter>Engine</Filter>
    </ClCompile>
    <ClCompile Include="Source\Engine\Time.cpp">
      <Filter>Engine</Filter>
    </ClCompile>
    <ClCompile Include="Source\Engine\Window.cpp">
      <Filter>Engine</Filter>
    </ClCompile>
    <ClCompile Include="Source\Game\AI\AIManager.cpp">
      <Filter>Game\AI</Filter>
    </ClCompile>
    <ClCompile Include="Source\Game\AI\WarOrders.cpp">
      <Filter>Game\AI</Filter>
    </ClCompile>
    <ClCompile Include="Source\Game\Callback.cpp">
      <Filter>Game</Filter>
    </ClCompile>
    <ClCompile Include="Source\Game\Game.cpp">
      <Filter>Game</Filter>
    </ClCompile>
    <ClCompile Include="Source\Game\GameData.cpp">
      <Filter>Game</Filter>
    </ClCompile>
    <ClCompile Include="Source\Game\GameDate.cpp">
      <Filter>Game</Filter>
    </ClCompile>
    <ClCompile Include="Source\Game\HotReloader.cpp">
      <Filter>Game</Filter>
    </ClCompile>
    <ClCompile Include="Source\Game\Map\Map.cpp">
      <Filter>Game\Map</Filter>
    </ClCompile>
    <ClCompile Include="Source\Game\Map\RegionBuilding.cpp">
      <Filter>Game\Map</Filter>
    </ClCompile>
    <ClCompile Include="Source\Game\Pathfinding.cpp">
      <Filter>Game</Filter>
    </ClCompile>
    <ClCompile Include="Source\Game\Player.cpp">
      <Filter>Game</Filter>
    </ClCompile>
    <ClCompile Include="Source\Game\StaticSpriteManager.cpp">
      <Filter>Game</Filter>
    </ClCompile>
    <ClCompile Include="Source\Game\Systems\AI\AI.cpp">
      <Filter>Game\Systems\AI</Filter>
    </ClCompile>
    <ClCompile Include="Source\Game\Systems\CharacterManager.cpp">
      <Filter>Game\Systems</Filter>
    </ClCompile>
    <ClCompile Include="Source\Game\Systems\Characters\CharacterNamePool.cpp">
      <Filter>Game\Systems\Characters</Filter>
    </ClCompile>
    <ClCompile Include="Source\Game\Systems\Characters\CharacterPool.cpp">
      <Filter>Game\Systems\Characters</Filter>
    </ClCompile>
    <ClCompile Include="Source\Game\Systems\HeraldicShieldManager.cpp">
      <Filter>Game\Systems</Filter>
    </ClCompile>
    <ClCompile Include="Source\Game\Systems\UnitManager.cpp">
      <Filter>Game\Systems</Filter>
    </ClCompile>
    <ClCompile Include="Source\Game\UI\UIManager.cpp">
      <Filter>Game\UI</Filter>
    </ClCompile>
    <ClCompile Include="Source\Game\UI\WarIcon.cpp">
      <Filter>Game\UI</Filter>
    </ClCompile>
    <ClCompile Include="Source\Game\UI\WarWindow.cpp">
      <Filter>Game\UI</Filter>
    </ClCompile>
    <ClCompile Include="Source\Game\War.cpp">
      <Filter>Game</Filter>
    </ClCompile>
    <ClCompile Include="Source\Game\WarManager.cpp">
      <Filter>Game</Filter>
    </ClCompile>
    <ClCompile Include="Source\StrategyGame.cpp" />
  </ItemGroup>
</Project>