<?xml version="1.0" encoding="utf-8"?>
<Project ToolsVersion="4.0" xmlns="http://schemas.microsoft.com/developer/msbuild/2003">
  <ItemGroup>
    <Filter Include="ECS">
      <UniqueIdentifier>{60E1870B-CCEA-877C-5566-9E7CC16E937C}</UniqueIdentifier>
    </Filter>
    <Filter Include="ECS\Components">
      <UniqueIdentifier>{752AA906-61F8-9C0C-4A8C-0D3336F97871}</UniqueIdentifier>
    </Filter>
    <Filter Include="Engine">
      <UniqueIdentifier>{DBC7D3B0-C769-FE86-B024-12DB9C6585D7}</UniqueIdentifier>
    </Filter>
    <Filter Include="Game">
      <UniqueIdentifier>{7FA9857C-6BE0-860D-14CD-6C1000E3020F}</UniqueIdentifier>
    </Filter>
    <Filter Include="Game\AI">
      <UniqueIdentifier>{B87D5747-245D-D6E2-2D75-61B999D33C44}</UniqueIdentifier>
    </Filter>
    <Filter Include="Game\Components">
      <UniqueIdentifier>{3441F2CD-A0CC-5F92-A9DD-E28615E8BB92}</UniqueIdentifier>
    </Filter>
    <Filter Include="Game\Systems">
      <UniqueIdentifier>{860EB599-7271-443E-1BF7-7CF4073910C1}</UniqueIdentifier>
    </Filter>
    <Filter Include="Game\Systems\AI">
      <UniqueIdentifier>{5F998C41-CB24-FA05-D435-7DFA40405606}</UniqueIdentifier>
    </Filter>
  </ItemGroup>
  <ItemGroup>
    <ClInclude Include="Source\ECS\Component.h">
      <Filter>ECS</Filter>
    </ClInclude>
    <ClInclude Include="Source\ECS\ComponentList.h">
      <Filter>ECS</Filter>
    </ClInclude>
    <ClInclude Include="Source\ECS\Components\Transform.h">
      <Filter>ECS\Components</Filter>
    </ClInclude>
    <ClInclude Include="Source\ECS\DOComponentList.h">
      <Filter>ECS</Filter>
    </ClInclude>
    <ClInclude Include="Source\ECS\EntityManager.h">
      <Filter>ECS</Filter>
    </ClInclude>
    <ClInclude Include="Source\ECS\EntityTag.h">
      <Filter>ECS</Filter>
    </ClInclude>
    <ClInclude Include="Source\ECS\System.h">
      <Filter>ECS</Filter>
    </ClInclude>
    <ClInclude Include="Source\ECS\Types.h">
      <Filter>ECS</Filter>
    </ClInclude>
    <ClInclude Include="Source\Engine\AssetHandler.h">
      <Filter>Engine</Filter>
    </ClInclude>
    <ClInclude Include="Source\Engine\FileWatcher.h">
      <Filter>Engine</Filter>
    </ClInclude>
    <ClInclude Include="Source\Engine\InputHandler.h">
      <Filter>Engine</Filter>
    </ClInclude>
    <ClInclude Include="Source\Engine\Log.h">
      <Filter>Engine</Filter>
    </ClInclude>
    <ClInclude Include="Source\Engine\Time.h">
      <Filter>Engine</Filter>
    </ClInclude>
    <ClInclude Include="Source\Engine\Vector2D.h">
      <Filter>Engine</Filter>
    </ClInclude>
    <ClInclude Include="Source\Engine\Window.h">
      <Filter>Engine</Filter>
    </ClInclude>
    <ClInclude Include="Source\Game\AI\AIManager.h">
      <Filter>Game\AI</Filter>
    </ClInclude>
    <ClInclude Include="Source\Game\Components\CharacterComponent.h">
      <Filter>Game\Components</Filter>
    </ClInclude>
    <ClInclude Include="Source\Game\Components\Map.h">
      <Filter>Game\Components</Filter>
    </ClInclude>
    <ClInclude Include="Source\Game\Components\MovingSprite.h">
      <Filter>Game\Components</Filter>
    </ClInclude>
    <ClInclude Include="Source\Game\Components\PlayerUnit.h">
      <Filter>Game\Components</Filter>
    </ClInclude>
    <ClInclude Include="Source\Game\Components\SpriteRenderer.h">
      <Filter>Game\Components</Filter>
    </ClInclude>
    <ClInclude Include="Source\Game\Components\UISpriteRenderer.h">
      <Filter>Game\Components</Filter>
    </ClInclude>
    <ClInclude Include="Source\Game\Components\UIText.h">
      <Filter>Game\Components</Filter>
    </ClInclude>
    <ClInclude Include="Source\Game\Components\UIWindow.h">
      <Filter>Game\Components</Filter>
    </ClInclude>
    <ClInclude Include="Source\Game\Components\Unit.h">
      <Filter>Game\Components</Filter>
    </ClInclude>
    <ClInclude Include="Source\Game\Components\Warmind.h">
      <Filter>Game\Components</Filter>
    </ClInclude>
    <ClInclude Include="Source\Game\Game.h">
      <Filter>Game</Filter>
    </ClInclude>
    <ClInclude Include="Source\Game\HotReloader.h">
      <Filter>Game</Filter>
    </ClInclude>
    <ClInclude Include="Source\Game\MapInfo.h">
      <Filter>Game</Filter>
    </ClInclude>
    <ClInclude Include="Source\Game\Mutex.h">
      <Filter>Game</Filter>
    </ClInclude>
    <ClInclude Include="Source\Game\Pathfinding.h">
      <Filter>Game</Filter>
    </ClInclude>
    <ClInclude Include="Source\Game\Systems\AI\AI.h">
      <Filter>Game\Systems\AI</Filter>
    </ClInclude>
    <ClInclude Include="Source\Game\Systems\AI\AIConsideration.h">
      <Filter>Game\Systems\AI</Filter>
    </ClInclude>
    <ClInclude Include="Source\Game\Systems\AI\UnitSystem.h">
      <Filter>Game\Systems\AI</Filter>
    </ClInclude>
    <ClInclude Include="Source\Game\Systems\AI\WarmindSystem.h">
      <Filter>Game\Systems\AI</Filter>
    </ClInclude>
    <ClInclude Include="Source\Game\Systems\CharacterSystem.h">
      <Filter>Game\Systems</Filter>
    </ClInclude>
    <ClInclude Include="Source\Game\Systems\ECSExampleSystem.h">
      <Filter>Game\Systems</Filter>
    </ClInclude>
    <ClInclude Include="Source\Game\Systems\MapSystem.h">
      <Filter>Game\Systems</Filter>
    </ClInclude>
    <ClInclude Include="Source\Game\Systems\PlayerUnitSystem.h">
      <Filter>Game\Systems</Filter>
    </ClInclude>
    <ClInclude Include="Source\Game\Systems\SpriteRenderSystem.h">
      <Filter>Game\Systems</Filter>
    </ClInclude>
    <ClInclude Include="Source\Game\Systems\UISpriteRenderSystem.h">
      <Filter>Game\Systems</Filter>
    </ClInclude>
    <ClInclude Include="Source\Game\Systems\UITextSystem.h">
      <Filter>Game\Systems</Filter>
    </ClInclude>
    <ClInclude Include="Source\Game\Systems\UIWindowSystem.h">
      <Filter>Game\Systems</Filter>
    </ClInclude>
  </ItemGroup>
  <ItemGroup>
    <ClCompile Include="Source\ECS\EntityManager.cpp">
      <Filter>ECS</Filter>
    </ClCompile>
    <ClCompile Include="Source\Engine\AssetHandler.cpp">
      <Filter>Engine</Filter>
    </ClCompile>
    <ClCompile Include="Source\Engine\InputHandler.cpp">
      <Filter>Engine</Filter>
    </ClCompile>
    <ClCompile Include="Source\Engine\Log.cpp">
      <Filter>Engine</Filter>
    </ClCompile>
    <ClCompile Include="Source\Engine\Time.cpp">
      <Filter>Engine</Filter>
    </ClCompile>
    <ClCompile Include="Source\Engine\Window.cpp">
      <Filter>Engine</Filter>
    </ClCompile>
    <ClCompile Include="Source\Game\Game.cpp">
      <Filter>Game</Filter>
    </ClCompile>
    <ClCompile Include="Source\Game\HotReloader.cpp">
      <Filter>Game</Filter>
    </ClCompile>
    <ClCompile Include="Source\Game\MapInfo.cpp">
      <Filter>Game</Filter>
    </ClCompile>
    <ClCompile Include="Source\Game\Pathfinding.cpp">
      <Filter>Game</Filter>
    </ClCompile>
    <ClCompile Include="Source\Game\Systems\AI\AI.cpp">
      <Filter>Game\Systems\AI</Filter>
    </ClCompile>
    <ClCompile Include="Source\StrategyGame.cpp" />
  </ItemGroup>
</Project>